
Microsoft Visual Studio Solution File, Format Version 12.00
# Visual Studio Version 17
VisualStudioVersion = 17.5.33516.290
MinimumVisualStudioVersion = 10.0.40219.1
Project("{FAE04EC0-301F-11D3-BF4B-00C04F79EFBC}") = "PracticeProject", "PracticeProject\PracticeProject.csproj", "{04176A60-865C-4A6F-A61F-F3EC0B0D3C63}"
EndProject
Global
	GlobalSection(SolutionConfigurationPlatforms) = preSolution
		Debug|Any CPU = Debug|Any CPU
		Release|Any CPU = Release|Any CPU
	EndGlobalSection
	GlobalSection(ProjectConfigurationPlatforms) = postSolution
		{04176A60-865C-4A6F-A61F-F3EC0B0D3C63}.Debug|Any CPU.ActiveCfg = Debug|Any CPU
		{04176A60-865C-4A6F-A61F-F3EC0B0D3C63}.Debug|Any CPU.Build.0 = Debug|Any CPU
		{04176A60-865C-4A6F-A61F-F3EC0B0D3C63}.Release|Any CPU.ActiveCfg = Release|Any CPU
		{04176A60-865C-4A6F-A61F-F3EC0B0D3C63}.Release|Any CPU.Build.0 = Release|Any CPU
	EndGlobalSection
	GlobalSection(SolutionProperties) = preSolution
		HideSolutionNode = FALSE
	EndGlobalSection
	GlobalSection(ExtensibilityGlobals) = postSolution
		SolutionGuid = {1BCB13C3-59A9-4BC2-A9CA-269AD2114365}
	EndGlobalSection
EndGlobal
